Microsoft Visual Studio Solution File, Format Version 11.00
# Visual Studio 2008

Project("{50EDD1CA-A2D7-2D0B-3CCD-600D97CCC673}") = "FloaterWorld", "Assembly-CSharp-firstpass-vs.csproj", "{51DED9B0-4870-33FA-856B-7453DCC2ECE9}"
EndProject
Project("{50EDD1CA-A2D7-2D0B-3CCD-600D97CCC673}") = "FloaterWorld", "Assembly-CSharp-vs.csproj", "{6E7F2403-37B0-DF5F-6618-0A3DDC8AD0BE}"
EndProject
Project("{50EDD1CA-A2D7-2D0B-3CCD-600D97CCC673}") = "FloaterWorld", "Assembly-CSharp-Editor-vs.csproj", "{BAC636A8-369F-1BF1-5B37-9AFEB27F9BBC}"
EndProject
Global
	GlobalSection(SolutionConfigurationPlatforms) = preSolution
		Debug|Any CPU = Debug|Any CPU
		Release|Any CPU = Release|Any CPU
	EndGlobalSection
	GlobalSection(ProjectConfigurationPlatforms) = postSolution
		{51DED9B0-4870-33FA-856B-7453DCC2ECE9}.Debug|Any CPU.ActiveCfg = Debug|Any CPU
		{51DED9B0-4870-33FA-856B-7453DCC2ECE9}.Debug|Any CPU.Build.0 = Debug|Any CPU
		{51DED9B0-4870-33FA-856B-7453DCC2ECE9}.Release|Any CPU.ActiveCfg = Release|Any CPU
		{51DED9B0-4870-33FA-856B-7453DCC2ECE9}.Release|Any CPU.Build.0 = Release|Any CPU
		{6E7F2403-37B0-DF5F-6618-0A3DDC8AD0BE}.Debug|Any CPU.ActiveCfg = Debug|Any CPU
		{6E7F2403-37B0-DF5F-6618-0A3DDC8AD0BE}.Debug|Any CPU.Build.0 = Debug|Any CPU
		{6E7F2403-37B0-DF5F-6618-0A3DDC8AD0BE}.Release|Any CPU.ActiveCfg = Release|Any CPU
		{6E7F2403-37B0-DF5F-6618-0A3DDC8AD0BE}.Release|Any CPU.Build.0 = Release|Any CPU
		{BAC636A8-369F-1BF1-5B37-9AFEB27F9BBC}.Debug|Any CPU.ActiveCfg = Debug|Any CPU
		{BAC636A8-369F-1BF1-5B37-9AFEB27F9BBC}.Debug|Any CPU.Build.0 = Debug|Any CPU
		{BAC636A8-369F-1BF1-5B37-9AFEB27F9BBC}.Release|Any CPU.ActiveCfg = Release|Any CPU
		{BAC636A8-369F-1BF1-5B37-9AFEB27F9BBC}.Release|Any CPU.Build.0 = Release|Any CPU
	EndGlobalSection
	GlobalSection(SolutionProperties) = preSolution
		HideSolutionNode = FALSE
	EndGlobalSection
<<<<<<< HEAD
																																							GlobalSection(MonoDevelopProperties) = preSolution
=======
																																			GlobalSection(MonoDevelopProperties) = preSolution
=======
<<<<<<< HEAD
																																					GlobalSection(MonoDevelopProperties) = preSolution
=======
<<<<<<< HEAD
																																						GlobalSection(MonoDevelopProperties) = preSolution
=======
																																				GlobalSection(MonoDevelopProperties) = preSolution
>>>>>>> origin/master
>>>>>>> e58316815ba5f4ea334325c33d55547e50f67080
=======
																																				GlobalSection(MonoDevelopProperties) = preSolution
>>>>>>> d5b58735863ab57b11be0ce0f4437ce4fc40a180
>>>>>>> master
=======
<<<<<<< HEAD
																													GlobalSection(MonoDevelopProperties) = preSolution
=======
																																GlobalSection(MonoDevelopProperties) = preSolution
>>>>>>> origin/master
<<<<<<< HEAD
>>>>>>> master
=======
<<<<<<< HEAD
>>>>>>> origin/master
=======
>>>>>>> master
>>>>>>> d5b58735863ab57b11be0ce0f4437ce4fc40a180
>>>>>>> master
		StartupItem = Assembly-CSharp.csproj
		Policies = $0
		$0.TextStylePolicy = $1
		$1.inheritsSet = null
		$1.scope = text/x-csharp
		$0.CSharpFormattingPolicy = $2
		$2.inheritsSet = Mono
		$2.inheritsScope = text/x-csharp
		$2.scope = text/x-csharp
		$0.TextStylePolicy = $3
		$3.FileWidth = 120
		$3.TabWidth = 4
		$3.IndentWidth = 4
		$3.EolMarker = Unix
		$3.inheritsSet = Mono
		$3.inheritsScope = text/plain
		$3.scope = text/plain
	EndGlobalSection
												GlobalSection(MonoDevelopProperties) = preSolution
		StartupItem = Assembly-CSharp.csproj
		Policies = $0
		$0.TextStylePolicy = $1
		$1.inheritsSet = null
		$1.scope = text/x-csharp
		$0.CSharpFormattingPolicy = $2
		$2.inheritsSet = Mono
		$2.inheritsScope = text/x-csharp
		$2.scope = text/x-csharp
		$0.TextStylePolicy = $3
		$3.FileWidth = 120
		$3.TabWidth = 4
		$3.IndentWidth = 4
		$3.EolMarker = Unix
		$3.inheritsSet = Mono
		$3.inheritsScope = text/plain
		$3.scope = text/plain
	EndGlobalSection
															GlobalSection(MonoDevelopProperties) = preSolution
		StartupItem = Assembly-CSharp.csproj
		Policies = $0
		$0.TextStylePolicy = $1
		$1.inheritsSet = null
		$1.scope = text/x-csharp
		$0.CSharpFormattingPolicy = $2
		$2.inheritsSet = Mono
		$2.inheritsScope = text/x-csharp
		$2.scope = text/x-csharp
		$0.TextStylePolicy = $3
		$3.FileWidth = 120
		$3.TabWidth = 4
		$3.IndentWidth = 4
		$3.EolMarker = Unix
		$3.inheritsSet = Mono
		$3.inheritsScope = text/plain
		$3.scope = text/plain
	EndGlobalSection

EndGlobal
